github.com/AashrayBuild/bigspring-hugo-startup-theme v0.0.0-20210427033733-b35b9b12ccc6 h1:2Ll5/SLAjz98C1/NR3sWmYZoxLEy52kSyeMUdWb9sfA=
github.com/AashrayBuild/bigspring-hugo-startup-theme v0.0.0-20210427033733-b35b9b12ccc6/go.mod h1:CM+nV1ADeclU9UG/4kUa5g+eKRY6D+R0RROQDS68c5w=
github.com/bep/portable-hugo-links v0.5.3 h1:JYuXkKycDMmkcmQMnQyRKal4s8h72GVpXISRxyOWMyA=
github.com/bep/portable-hugo-links v0.5.3/go.mod h1:THWnsWZWDsb4mF//7zPGPngV3N7HIOvIydJLClUvMRU=
